
Microsoft Visual Studio Solution File, Format Version 12.00
# Visual Studio Version 17
VisualStudioVersion = 17.7.34221.43
MinimumVisualStudioVersion = 10.0.40219.1
Project("{FAE04EC0-301F-11D3-BF4B-00C04F79EFBC}") = "AutoRent", "AutoRent\AutoRent.csproj", "{0F8D2AF2-02AD-42D1-91CA-39A014A2D5AE}"
EndProject
Project("{FAE04EC0-301F-11D3-BF4B-00C04F79EFBC}") = "AutoRentServer", "AutoRentServer\AutoRentServer.csproj", "{05567E37-C284-4D6D-AFCD-6E6B6A4B458A}"
EndProject
Global
	GlobalSection(SolutionConfigurationPlatforms) = preSolution
		Debug|Any CPU = Debug|Any CPU
		Release|Any CPU = Release|Any CPU
	EndGlobalSection
	GlobalSection(ProjectConfigurationPlatforms) = postSolution
		{0F8D2AF2-02AD-42D1-91CA-39A014A2D5AE}.Debug|Any CPU.ActiveCfg = Debug|Any CPU
		{0F8D2AF2-02AD-42D1-91CA-39A014A2D5AE}.Debug|Any CPU.Build.0 = Debug|Any CPU
		{0F8D2AF2-02AD-42D1-91CA-39A014A2D5AE}.Release|Any CPU.ActiveCfg = Release|Any CPU
		{0F8D2AF2-02AD-42D1-91CA-39A014A2D5AE}.Release|Any CPU.Build.0 = Release|Any CPU
		{05567E37-C284-4D6D-AFCD-6E6B6A4B458A}.Debug|Any CPU.ActiveCfg = Debug|Any CPU
		{05567E37-C284-4D6D-AFCD-6E6B6A4B458A}.Debug|Any CPU.Build.0 = Debug|Any CPU
		{05567E37-C284-4D6D-AFCD-6E6B6A4B458A}.Release|Any CPU.ActiveCfg = Release|Any CPU
		{05567E37-C284-4D6D-AFCD-6E6B6A4B458A}.Release|Any CPU.Build.0 = Release|Any CPU
	EndGlobalSection
	GlobalSection(SolutionProperties) = preSolution
		HideSolutionNode = FALSE
	EndGlobalSection
	GlobalSection(ExtensibilityGlobals) = postSolution
		SolutionGuid = {527EC1E3-4C6B-4CC2-A1B4-CF3B7DAEA85A}
	EndGlobalSection
EndGlobal
